
Microsoft Visual Studio Solution File, Format Version 12.00
# Visual Studio Version 17
VisualStudioVersion = 17.14.36310.24 d17.14
MinimumVisualStudioVersion = 10.0.40219.1
Project("{FAE04EC0-301F-11D3-BF4B-00C04F79EFBC}") = "dcit318-assignment1", "dcit318-assignment1\dcit318-assignment1.csproj", "{CA6136CA-9C98-491E-B74F-E06FE896FDBF}"
EndProject
Project("{FAE04EC0-301F-11D3-BF4B-00C04F79EFBC}") = "GradeCalculator", "GradeCalculator\GradeCalculator.csproj", "{E64F7DD3-16F4-48EA-87BE-6B318A588D80}"
EndProject
Project("{FAE04EC0-301F-11D3-BF4B-00C04F79EFBC}") = "TicketPriceCalculator", "TicketPriceCalculator\TicketPriceCalculator.csproj", "{C25A6766-2DCE-4E75-B0D2-1C8A93D1D416}"
EndProject
Global
	GlobalSection(SolutionConfigurationPlatforms) = preSolution
		Debug|Any CPU = Debug|Any CPU
		Release|Any CPU = Release|Any CPU
	EndGlobalSection
	GlobalSection(ProjectConfigurationPlatforms) = postSolution
		{CA6136CA-9C98-491E-B74F-E06FE896FDBF}.Debug|Any CPU.ActiveCfg = Debug|Any CPU
		{CA6136CA-9C98-491E-B74F-E06FE896FDBF}.Debug|Any CPU.Build.0 = Debug|Any CPU
		{CA6136CA-9C98-491E-B74F-E06FE896FDBF}.Release|Any CPU.ActiveCfg = Release|Any CPU
		{CA6136CA-9C98-491E-B74F-E06FE896FDBF}.Release|Any CPU.Build.0 = Release|Any CPU
		{E64F7DD3-16F4-48EA-87BE-6B318A588D80}.Debug|Any CPU.ActiveCfg = Debug|Any CPU
		{E64F7DD3-16F4-48EA-87BE-6B318A588D80}.Debug|Any CPU.Build.0 = Debug|Any CPU
		{E64F7DD3-16F4-48EA-87BE-6B318A588D80}.Release|Any CPU.ActiveCfg = Release|Any CPU
		{E64F7DD3-16F4-48EA-87BE-6B318A588D80}.Release|Any CPU.Build.0 = Release|Any CPU
		{C25A6766-2DCE-4E75-B0D2-1C8A93D1D416}.Debug|Any CPU.ActiveCfg = Debug|Any CPU
		{C25A6766-2DCE-4E75-B0D2-1C8A93D1D416}.Debug|Any CPU.Build.0 = Debug|Any CPU
		{C25A6766-2DCE-4E75-B0D2-1C8A93D1D416}.Release|Any CPU.ActiveCfg = Release|Any CPU
		{C25A6766-2DCE-4E75-B0D2-1C8A93D1D416}.Release|Any CPU.Build.0 = Release|Any CPU
	EndGlobalSection
	GlobalSection(SolutionProperties) = preSolution
		HideSolutionNode = FALSE
	EndGlobalSection
	GlobalSection(ExtensibilityGlobals) = postSolution
		SolutionGuid = {A4885A92-12D1-4A91-A8EF-407184C34ADC}
	EndGlobalSection
EndGlobal
